{
  "pins" : [
    {
      "identity" : "swift-cmark",
      "kind" : "remoteSourceControl",
      "location" : "https://github.com/ivalx1s/swift-cmark.git",
      "state" : {
        "revision" : "9f8e92ab70f27e618080c0e9b349618d92f8261d",
        "version" : "0.0.221109"
      }
    },
    {
      "identity" : "swift-markdown",
      "kind" : "remoteSourceControl",
      "location" : "git@github.com:ivalx1s/swift-markdown.git",
      "state" : {
        "revision" : "8e66c2130973ace467a93310e8e580ed025274e0",
        "version" : "0.0.221109"
      }
    }
  ],
  "version" : 2
}
